<?xml version="1.0" encoding="utf-8"?>
<Project ToolsVersion="4.0" xmlns="http://schemas.microsoft.com/developer/msbuild/2003">
  <ItemGroup>
    <Filter Include="Source Files">
      <UniqueIdentifier>{4FC737F1-C7A5-4376-A066-2A32D752A2FF}</UniqueIdentifier>
      <Extensions>cpp;c;cc;cxx;def;odl;idl;hpj;bat;asm;asmx</Extensions>
    </Filter>
    <Filter Include="Resource Files">
      <UniqueIdentifier>{67DA6AB6-F800-4c08-8B7A-83BB121AAD01}</UniqueIdentifier>
      <Extensions>rc;ico;cur;bmp;dlg;rc2;rct;bin;rgs;gif;jpg;jpeg;jpe;resx;tiff;tif;png;wav;mfcribbon-ms</Extensions>
    </Filter>
    <Filter Include="headers">
      <UniqueIdentifier>{f0fb9ec0-f991-42d9-894d-fc9c414b611b}</UniqueIdentifier>
    </Filter>
  </ItemGroup>
  <ItemGroup>
    <ClInclude Include="..\src\Camera.h">
      <Filter>headers</Filter>
    </ClInclude>
    <ClInclude Include="..\src\Cannon.h">
      <Filter>headers</Filter>
    </ClInclude>
    <ClInclude Include="..\src\math3d.h">
      <Filter>headers</Filter>
    </ClInclude>
    <ClInclude Include="..\src\Mesh.h">
      <Filter>headers</Filter>
    </ClInclude>
    <ClInclude Include="..\src\MyMath.h">
      <Filter>headers</Filter>
    </ClInclude>
    <ClInclude Include="..\src\Part.h">
      <Filter>headers</Filter>
    </ClInclude>
    <ClInclude Include="..\src\PartTransformation.h">
      <Filter>headers</Filter>
    </ClInclude>
    <ClInclude Include="..\src\Projectile.h">
      <Filter>headers</Filter>
    </ClInclude>
    <ClInclude Include="..\src\Quad.h">
      <Filter>headers</Filter>
    </ClInclude>
    <ClInclude Include="..\src\Rectangle.h">
      <Filter>headers</Filter>
    </ClInclude>
    <ClInclude Include="..\src\RenderText.h">
      <Filter>headers</Filter>
    </ClInclude>
    <ClInclude Include="..\src\Shape.h">
      <Filter>headers</Filter>
    </ClInclude>
    <ClInclude Include="..\src\Ship.h">
      <Filter>headers</Filter>
    </ClInclude>
    <ClInclude Include="..\src\Slice.h">
      <Filter>headers</Filter>
    </ClInclude>
    <ClInclude Include="..\src\TextureReader.h">
      <Filter>headers</Filter>
    </ClInclude>
    <ClInclude Include="..\src\Vertex.h">
      <Filter>headers</Filter>
    </ClInclude>
    <ClInclude Include="..\src\VertexQuad.h">
      <Filter>headers</Filter>
    </ClInclude>
    <ClInclude Include="..\src\Walker.h">
      <Filter>headers</Filter>
    </ClInclude>
    <ClInclude Include="..\src\Sound.h">
      <Filter>headers</Filter>
    </ClInclude>
    <ClInclude Include="..\src\MeshLoaderJwm.h">
      <Filter>headers</Filter>
    </ClInclude>
    <ClInclude Include="..\src\MeshLoaderObj.h">
      <Filter>headers</Filter>
    </ClInclude>
  </ItemGroup>
  <ItemGroup>
    <ClCompile Include="..\src\Camera.cpp">
      <Filter>Source Files</Filter>
    </ClCompile>
    <ClCompile Include="..\src\Cannon.cpp">
      <Filter>Source Files</Filter>
    </ClCompile>
    <ClCompile Include="..\src\main.cpp">
      <Filter>Source Files</Filter>
    </ClCompile>
    <ClCompile Include="..\src\Mesh.cpp">
      <Filter>Source Files</Filter>
    </ClCompile>
    <ClCompile Include="..\src\Part.cpp">
      <Filter>Source Files</Filter>
    </ClCompile>
    <ClCompile Include="..\src\PartTransformation.cpp">
      <Filter>Source Files</Filter>
    </ClCompile>
    <ClCompile Include="..\src\Projectile.cpp">
      <Filter>Source Files</Filter>
    </ClCompile>
    <ClCompile Include="..\src\Quad.cpp">
      <Filter>Source Files</Filter>
    </ClCompile>
    <ClCompile Include="..\src\Rectangle.cpp">
      <Filter>Source Files</Filter>
    </ClCompile>
    <ClCompile Include="..\src\RenderText.cpp">
      <Filter>Source Files</Filter>
    </ClCompile>
    <ClCompile Include="..\src\Shape.cpp">
      <Filter>Source Files</Filter>
    </ClCompile>
    <ClCompile Include="..\src\Ship.cpp">
      <Filter>Source Files</Filter>
    </ClCompile>
    <ClCompile Include="..\src\Slice.cpp">
      <Filter>Source Files</Filter>
    </ClCompile>
    <ClCompile Include="..\src\Vertex.cpp">
      <Filter>Source Files</Filter>
    </ClCompile>
    <ClCompile Include="..\src\VertexQuad.cpp">
      <Filter>Source Files</Filter>
    </ClCompile>
    <ClCompile Include="..\src\Walker.cpp">
      <Filter>Source Files</Filter>
    </ClCompile>
    <ClCompile Include="..\src\SoundWin.cpp">
      <Filter>Source Files</Filter>
    </ClCompile>
    <ClCompile Include="..\src\MeshLoaderJwm.cpp">
      <Filter>Source Files</Filter>
    </ClCompile>
  </ItemGroup>
  <ItemGroup>
    <Image Include="..\src\resources\AtStTexture.bmp">
      <Filter>Resource Files</Filter>
    </Image>
    <Image Include="..\src\resources\AtStTextureTemplate.bmp">
      <Filter>Resource Files</Filter>
    </Image>
    <Image Include="..\src\resources\DeathStarTexture.bmp">
      <Filter>Resource Files</Filter>
    </Image>
    <Image Include="..\src\resources\nature_bark_0007_01_s.bmp">
      <Filter>Resource Files</Filter>
    </Image>
    <Image Include="..\src\resources\Snow_01_UV_H_CM_1.bmp">
      <Filter>Resource Files</Filter>
    </Image>
    <Image Include="..\src\resources\TieFighterTexture.bmp">
      <Filter>Resource Files</Filter>
    </Image>
  </ItemGroup>
  <ItemGroup>
    <None Include="..\src\resources\AtStTextureTemplate.xcf">
      <Filter>Resource Files</Filter>
    </None>
  </ItemGroup>
  <ItemGroup>
    <Text Include="..\src\resources\CannonBody.txt">
      <Filter>Resource Files</Filter>
    </Text>
    <Text Include="..\src\resources\CannonSight.txt">
      <Filter>Resource Files</Filter>
    </Text>
    <Text Include="..\src\resources\Cube.txt">
      <Filter>Resource Files</Filter>
    </Text>
    <Text Include="..\src\resources\CubeB.txt">
      <Filter>Resource Files</Filter>
    </Text>
    <Text Include="..\src\resources\Cylinder.txt">
      <Filter>Resource Files</Filter>
    </Text>
    <Text Include="..\src\resources\Plane.txt">
      <Filter>Resource Files</Filter>
    </Text>
    <Text Include="..\src\resources\Projectile-Blaster.txt">
      <Filter>Resource Files</Filter>
    </Text>
    <Text Include="..\src\resources\SculptObject.txt">
      <Filter>Resource Files</Filter>
    </Text>
    <Text Include="..\src\resources\ShipWing.txt">
      <Filter>Resource Files</Filter>
    </Text>
    <Text Include="..\src\resources\ShipWingConnector.txt">
      <Filter>Resource Files</Filter>
    </Text>
    <Text Include="..\src\resources\Sphereish.txt">
      <Filter>Resource Files</Filter>
    </Text>
    <Text Include="..\src\resources\Star.txt">
      <Filter>Resource Files</Filter>
    </Text>
    <Text Include="..\src\resources\TreeTop.txt">
      <Filter>Resource Files</Filter>
    </Text>
  </ItemGroup>
  <ItemGroup>
    <Media Include="..\src\resources\trprsht1.wav">
      <Filter>Resource Files</Filter>
    </Media>
    <Media Include="..\src\resources\trprsht1_quiet.wav">
      <Filter>Resource Files</Filter>
    </Media>
  </ItemGroup>
</Project>