
Microsoft Visual Studio Solution File, Format Version 11.00
# Visual Studio 2010
Project("{8BC9CEB8-8B4A-11D0-8D11-00A0C91BC942}") = "RebelDefence_windows", "RebelDefence_windows.vcxproj", "{9AAB4E65-63CA-4E04-99CA-29A09D433883}"
EndProject
Global
	GlobalSection(SolutionConfigurationPlatforms) = preSolution
		Debug|Win32 = Debug|Win32
		Release|Win32 = Release|Win32
	EndGlobalSection
	GlobalSection(ProjectConfigurationPlatforms) = postSolution
		{9AAB4E65-63CA-4E04-99CA-29A09D433883}.Debug|Win32.ActiveCfg = Debug|Win32
		{9AAB4E65-63CA-4E04-99CA-29A09D433883}.Debug|Win32.Build.0 = Debug|Win32
		{9AAB4E65-63CA-4E04-99CA-29A09D433883}.Release|Win32.ActiveCfg = Release|Win32
		{9AAB4E65-63CA-4E04-99CA-29A09D433883}.Release|Win32.Build.0 = Release|Win32
	EndGlobalSection
	GlobalSection(SolutionProperties) = preSolution
		HideSolutionNode = FALSE
	EndGlobalSection
EndGlobal
